{
    "_readme": [
        "This file locks the dependencies of your project to a known state",
        "Read more about it at https://getcomposer.org/doc/01-basic-usage.md#installing-dependencies",
        "This file is @generated automatically"
    ],
    "content-hash": "42929477e9d8c180ae2cda66d3a8c548",
    "packages": [
        {
            "name": "freshwork/transbank",
            "version": "1.1.4",
            "source": {
                "type": "git",
                "url": "https://github.com/freshworkstudio/transbank-web-services.git",
                "reference": "8db131fe4d2294b8465b742625f4432e2ce61b65"
            },
            "dist": {
                "type": "zip",
                "url": "https://api.github.com/repos/freshworkstudio/transbank-web-services/zipball/8db131fe4d2294b8465b742625f4432e2ce61b65",
                "reference": "8db131fe4d2294b8465b742625f4432e2ce61b65",
                "shasum": ""
            },
            "require": {
                "ext-dom": "*",
                "ext-openssl": "*",
                "ext-soap": "*"
            },
            "type": "library",
            "autoload": {
                "psr-4": {
                    "Freshwork\\Transbank\\": "src/"
                },
                "classmap": [
                    "src/wss"
                ]
            },
            "notification-url": "https://packagist.org/downloads/",
            "license": [
                "MIT"
            ],
            "authors": [
                {
                    "name": "Gonzalo De Spirito",
                    "email": "gonzalo@freshworkstudio.com"
                }
            ],
            "description": "SDK para webservices de transbank (Webpay Plus, Webpay OneClick, Webpay PatPass)",
            "time": "2019-02-28T18:56:03+00:00"
        },
        {
            "name": "transbank/transbank-sdk",
            "version": "1.5.1",
            "source": {
                "type": "git",
                "url": "https://github.com/TransbankDevelopers/transbank-sdk-php.git",
                "reference": "df9487e2f92282529d2849dd1a9f567950a157aa"
            },
            "dist": {
                "type": "zip",
                "url": "https://api.github.com/repos/TransbankDevelopers/transbank-sdk-php/zipball/df9487e2f92282529d2849dd1a9f567950a157aa",
                "reference": "df9487e2f92282529d2849dd1a9f567950a157aa",
                "shasum": ""
            },
            "require": {
                "ext-curl": "*",
                "ext-json": "*",
                "ext-mbstring": "*",
                "php": ">=5.5.0"
            },
            "require-dev": {
                "phpunit/phpunit": "~4.0",
                "satooshi/php-coveralls": "~0.6.1",
                "squizlabs/php_codesniffer": "~2.0"
            },
            "type": "library",
            "autoload": {
                "psr-4": {
                    "Transbank\\Onepay\\": [
                        "lib/onepay",
                        "lib/onepay/utils"
                    ],
                    "Transbank\\Onepay\\Exceptions\\": [
                        "lib/onepay/exceptions"
                    ],
                    "Transbank\\Webpay\\": [
                        "lib/webpay",
                        "lib/webpay/soap"
                    ]
                }
            },
            "notification-url": "https://packagist.org/downloads/",
            "license": [
                "BSD-3-Clause"
            ],
            "description": "Transbank SDK",
            "keywords": [
                "api",
                "payments",
                "sdk",
                "transbank"
            ],
            "time": "2019-01-08T19:15:09+00:00"
        }
    ],
    "packages-dev": [],
    "aliases": [],
    "minimum-stability": "stable",
    "stability-flags": [],
    "prefer-stable": false,
    "prefer-lowest": false,
    "platform": [],
    "platform-dev": []
}
